
Microsoft Visual Studio Solution File, Format Version 12.00
# Visual Studio Version 16
VisualStudioVersion = 16.0.29230.47
MinimumVisualStudioVersion = 10.0.40219.1
Project("{2150E333-8FDC-42A3-9474-1A3956D46DE8}") = "build", "build", "{79D71264-186B-4F62-8930-35DD9ECCAF3B}"
	ProjectSection(SolutionItems) = preProject
		build.cmd = build.cmd
		build.fsx = build.fsx
		build.ps1 = build.ps1
		build.sh = build.sh
	EndProjectSection
EndProject
Project("{FAE04EC0-301F-11D3-BF4B-00C04F79EFBC}") = "Akka.Persistence.Sql.Linq2Db.Tests", "src\Akka.Persistence.Sql.Linq2Db.Tests\Akka.Persistence.Sql.Linq2Db.Tests.csproj", "{6EA372D5-DB48-48E7-839A-2E9D18D6CE79}"
EndProject
Project("{FAE04EC0-301F-11D3-BF4B-00C04F79EFBC}") = "Akka.Persistence.Sql.Linq2Db", "src\Akka.Persistence.Sql.Linq2Db\Akka.Persistence.Sql.Linq2Db.csproj", "{D10C2941-AD62-4E17-8C2C-4917D4C82B07}"
EndProject
Project("{FAE04EC0-301F-11D3-BF4B-00C04F79EFBC}") = "Akka.Persistence.Linq2Db.Benchmark.Tests", "src\Akka.Persistence.Linq2Db.Benchmark.Tests\Akka.Persistence.Linq2Db.Benchmark.Tests.csproj", "{6AE959E1-440C-4407-B080-64B1018A96A3}"
EndProject
Project("{2150E333-8FDC-42A3-9474-1A3956D46DE8}") = "_", "_", "{20C26B2D-59EA-421C-9F64-BFFCE3D96260}"
ProjectSection(SolutionItems) = preProject
	src\common.props = src\common.props
	README.md = README.md
	RELEASE_NOTES.md = RELEASE_NOTES.md
EndProjectSection
EndProject
Project("{2150E333-8FDC-42A3-9474-1A3956D46DE8}") = "build-system", "build-system", "{7537908B-6A42-4E34-889F-6004A97D4987}"
	ProjectSection(SolutionItems) = preProject
		build-system\azure-pipeline.template.yaml = build-system\azure-pipeline.template.yaml
		build-system\pr-validation.yaml = build-system\pr-validation.yaml
		build-system\windows-release.yaml = build-system\windows-release.yaml
	EndProjectSection
EndProject
Project("{FAE04EC0-301F-11D3-BF4B-00C04F79EFBC}") = "Akka.Persistence.Linq2Db.IndexHelperApp", "src\Akka.Persistence.Linq2Db.IndexHelperApp\Akka.Persistence.Linq2Db.IndexHelperApp.csproj", "{7B03FDD2-45CC-4F83-B23F-66B4EE82437A}"
EndProject
Project("{FAE04EC0-301F-11D3-BF4B-00C04F79EFBC}") = "Akka.Persistence.Linq2Db.HelperLib", "src\Akka.Persistence.Linq2Db.HelperLib\Akka.Persistence.Linq2Db.HelperLib.csproj", "{FD78AE77-C95F-4D5D-90EC-923935BAC580}"
EndProject
Project("{FAE04EC0-301F-11D3-BF4B-00C04F79EFBC}") = "Akka.Persistence.Linq2Db.Data.Compatibility.Tests", "src\Akka.Persistence.Linq2Db.Data.Compatibility.Tests\Akka.Persistence.Linq2Db.Data.Compatibility.Tests.csproj", "{5240D81C-0F6C-4F4A-85A1-6442C6D6ECBF}"
EndProject
Project("{2150E333-8FDC-42A3-9474-1A3956D46DE8}") = "Sql Scripts", "Sql Scripts", "{C4AC49FF-9ECF-4D38-A201-1105BBF7E628}"
EndProject
Project("{2150E333-8FDC-42A3-9474-1A3956D46DE8}") = "MySql", "MySql", "{CFDAF69C-0E6F-48A4-8434-995090175EAD}"
	ProjectSection(SolutionItems) = preProject
		scripts\MySql\1_Migration_Setup.sql = scripts\MySql\1_Migration_Setup.sql
		scripts\MySql\2_Migration.sql = scripts\MySql\2_Migration.sql
		scripts\MySql\3_Post_Migration_Cleanup.sql = scripts\MySql\3_Post_Migration_Cleanup.sql
		scripts\MySql\DROP_migration.sql = scripts\MySql\DROP_migration.sql
	EndProjectSection
EndProject
Project("{2150E333-8FDC-42A3-9474-1A3956D46DE8}") = "PostgreSql", "PostgreSql", "{11DAD9A0-1DDF-4A32-BC17-091220045D1E}"
	ProjectSection(SolutionItems) = preProject
		scripts\PostgreSql\1_Migration_Setup.sql = scripts\PostgreSql\1_Migration_Setup.sql
		scripts\PostgreSql\2_Migration.sql = scripts\PostgreSql\2_Migration.sql
		scripts\PostgreSql\3_Post_Migration_Cleanup.sql = scripts\PostgreSql\3_Post_Migration_Cleanup.sql
		scripts\PostgreSql\DROP_migration.sql = scripts\PostgreSql\DROP_migration.sql
	EndProjectSection
EndProject
Project("{2150E333-8FDC-42A3-9474-1A3956D46DE8}") = "SqlServer", "SqlServer", "{74AFECF0-CC70-47C9-9393-2AB952B23BBD}"
	ProjectSection(SolutionItems) = preProject
		scripts\SqlServer\1_Migration_Setup.sql = scripts\SqlServer\1_Migration_Setup.sql
		scripts\SqlServer\2_Migration.sql = scripts\SqlServer\2_Migration.sql
		scripts\SqlServer\3_Post_Migration_Cleanup.sql = scripts\SqlServer\3_Post_Migration_Cleanup.sql
		scripts\SqlServer\DROP_Migration.sql = scripts\SqlServer\DROP_Migration.sql
	EndProjectSection
EndProject
Project("{2150E333-8FDC-42A3-9474-1A3956D46DE8}") = "Batched", "Batched", "{FA2398A6-1AAD-430F-9F4D-0957E3E7BF42}"
	ProjectSection(SolutionItems) = preProject
		scripts\MySql\Batched\1_Migration_Setup.sql = scripts\MySql\Batched\1_Migration_Setup.sql
		scripts\MySql\Batched\2_Migration.sql = scripts\MySql\Batched\2_Migration.sql
		scripts\MySql\Batched\3_Post_Migration_Cleanup.sql = scripts\MySql\Batched\3_Post_Migration_Cleanup.sql
		scripts\MySql\Batched\DROP_migration.sql = scripts\MySql\Batched\DROP_migration.sql
	EndProjectSection
EndProject
Project("{2150E333-8FDC-42A3-9474-1A3956D46DE8}") = "Batched", "Batched", "{EA135684-AEE8-4455-A276-A39D8ACD1C1B}"
	ProjectSection(SolutionItems) = preProject
		scripts\PostgreSql\Batched\1_Migration_Setup.sql = scripts\PostgreSql\Batched\1_Migration_Setup.sql
		scripts\PostgreSql\Batched\2_Migration.sql = scripts\PostgreSql\Batched\2_Migration.sql
		scripts\PostgreSql\Batched\3_Post_Migration_Cleanup.sql = scripts\PostgreSql\Batched\3_Post_Migration_Cleanup.sql
		scripts\PostgreSql\Batched\DROP_migration.sql = scripts\PostgreSql\Batched\DROP_migration.sql
	EndProjectSection
EndProject
Project("{2150E333-8FDC-42A3-9474-1A3956D46DE8}") = "Batched", "Batched", "{49DB26B4-2375-4217-9480-2DE25166B117}"
	ProjectSection(SolutionItems) = preProject
		scripts\SqlServer\Batched\1_Migration_Setup.sql = scripts\SqlServer\Batched\1_Migration_Setup.sql
		scripts\SqlServer\Batched\2_Migration.sql = scripts\SqlServer\Batched\2_Migration.sql
		scripts\SqlServer\Batched\3_Post_Migration_Cleanup.sql = scripts\SqlServer\Batched\3_Post_Migration_Cleanup.sql
		scripts\SqlServer\Batched\DROP_Migration.sql = scripts\SqlServer\Batched\DROP_Migration.sql
	EndProjectSection
EndProject
Project("{2150E333-8FDC-42A3-9474-1A3956D46DE8}") = "Benchmarks", "Benchmarks", "{3E392F73-EB03-4148-BC60-A1F734486190}"
EndProject
Project("{2150E333-8FDC-42A3-9474-1A3956D46DE8}") = "Utils", "Utils", "{C59D2898-1994-4C40-B152-1798060051ED}"
EndProject
Project("{FAE04EC0-301F-11D3-BF4B-00C04F79EFBC}") = "Akka.Persistence.Linq2Db.TagTableMigration", "src\Akka.Persistence.Linq2Db.TagTableMigration\Akka.Persistence.Linq2Db.TagTableMigration.csproj", "{4ACEF3FD-F5B4-4C07-B85A-AD4D6AB68F4D}"
EndProject
Project("{FAE04EC0-301F-11D3-BF4B-00C04F79EFBC}") = "Akka.Persistence.Linq2Db.Tests.Common", "src\Akka.Persistence.Linq2Db.Tests.Common\Akka.Persistence.Linq2Db.Tests.Common.csproj", "{BDF8A537-A9D3-45A4-81EA-4B77DBD544D6}"
EndProject
Global
	GlobalSection(SolutionConfigurationPlatforms) = preSolution
		Debug|Any CPU = Debug|Any CPU
		Release|Any CPU = Release|Any CPU
	EndGlobalSection
	GlobalSection(ProjectConfigurationPlatforms) = postSolution
		{6EA372D5-DB48-48E7-839A-2E9D18D6CE79}.Debug|Any CPU.ActiveCfg = Debug|Any CPU
		{6EA372D5-DB48-48E7-839A-2E9D18D6CE79}.Debug|Any CPU.Build.0 = Debug|Any CPU
		{6EA372D5-DB48-48E7-839A-2E9D18D6CE79}.Release|Any CPU.ActiveCfg = Release|Any CPU
		{6EA372D5-DB48-48E7-839A-2E9D18D6CE79}.Release|Any CPU.Build.0 = Release|Any CPU
		{D10C2941-AD62-4E17-8C2C-4917D4C82B07}.Debug|Any CPU.ActiveCfg = Debug|Any CPU
		{D10C2941-AD62-4E17-8C2C-4917D4C82B07}.Debug|Any CPU.Build.0 = Debug|Any CPU
		{D10C2941-AD62-4E17-8C2C-4917D4C82B07}.Release|Any CPU.ActiveCfg = Release|Any CPU
		{D10C2941-AD62-4E17-8C2C-4917D4C82B07}.Release|Any CPU.Build.0 = Release|Any CPU
		{6AE959E1-440C-4407-B080-64B1018A96A3}.Debug|Any CPU.ActiveCfg = Debug|Any CPU
		{6AE959E1-440C-4407-B080-64B1018A96A3}.Debug|Any CPU.Build.0 = Debug|Any CPU
		{6AE959E1-440C-4407-B080-64B1018A96A3}.Release|Any CPU.ActiveCfg = Release|Any CPU
		{6AE959E1-440C-4407-B080-64B1018A96A3}.Release|Any CPU.Build.0 = Release|Any CPU
		{7B03FDD2-45CC-4F83-B23F-66B4EE82437A}.Debug|Any CPU.ActiveCfg = Debug|Any CPU
		{7B03FDD2-45CC-4F83-B23F-66B4EE82437A}.Debug|Any CPU.Build.0 = Debug|Any CPU
		{7B03FDD2-45CC-4F83-B23F-66B4EE82437A}.Release|Any CPU.ActiveCfg = Release|Any CPU
		{7B03FDD2-45CC-4F83-B23F-66B4EE82437A}.Release|Any CPU.Build.0 = Release|Any CPU
		{FD78AE77-C95F-4D5D-90EC-923935BAC580}.Debug|Any CPU.ActiveCfg = Debug|Any CPU
		{FD78AE77-C95F-4D5D-90EC-923935BAC580}.Debug|Any CPU.Build.0 = Debug|Any CPU
		{FD78AE77-C95F-4D5D-90EC-923935BAC580}.Release|Any CPU.ActiveCfg = Release|Any CPU
		{FD78AE77-C95F-4D5D-90EC-923935BAC580}.Release|Any CPU.Build.0 = Release|Any CPU
		{5240D81C-0F6C-4F4A-85A1-6442C6D6ECBF}.Debug|Any CPU.ActiveCfg = Debug|Any CPU
		{5240D81C-0F6C-4F4A-85A1-6442C6D6ECBF}.Debug|Any CPU.Build.0 = Debug|Any CPU
		{5240D81C-0F6C-4F4A-85A1-6442C6D6ECBF}.Release|Any CPU.ActiveCfg = Release|Any CPU
		{5240D81C-0F6C-4F4A-85A1-6442C6D6ECBF}.Release|Any CPU.Build.0 = Release|Any CPU
		{4ACEF3FD-F5B4-4C07-B85A-AD4D6AB68F4D}.Debug|Any CPU.ActiveCfg = Debug|Any CPU
		{4ACEF3FD-F5B4-4C07-B85A-AD4D6AB68F4D}.Debug|Any CPU.Build.0 = Debug|Any CPU
		{4ACEF3FD-F5B4-4C07-B85A-AD4D6AB68F4D}.Release|Any CPU.ActiveCfg = Release|Any CPU
		{4ACEF3FD-F5B4-4C07-B85A-AD4D6AB68F4D}.Release|Any CPU.Build.0 = Release|Any CPU
		{BDF8A537-A9D3-45A4-81EA-4B77DBD544D6}.Debug|Any CPU.ActiveCfg = Debug|Any CPU
		{BDF8A537-A9D3-45A4-81EA-4B77DBD544D6}.Debug|Any CPU.Build.0 = Debug|Any CPU
		{BDF8A537-A9D3-45A4-81EA-4B77DBD544D6}.Release|Any CPU.ActiveCfg = Release|Any CPU
		{BDF8A537-A9D3-45A4-81EA-4B77DBD544D6}.Release|Any CPU.Build.0 = Release|Any CPU
	EndGlobalSection
	GlobalSection(SolutionProperties) = preSolution
		HideSolutionNode = FALSE
	EndGlobalSection
	GlobalSection(ExtensibilityGlobals) = postSolution
		SolutionGuid = {B99E6BB8-642A-4A68-86DF-69567CBA700A}
	EndGlobalSection
	GlobalSection(NestedProjects) = preSolution
		{7537908B-6A42-4E34-889F-6004A97D4987} = {79D71264-186B-4F62-8930-35DD9ECCAF3B}
		{CFDAF69C-0E6F-48A4-8434-995090175EAD} = {C4AC49FF-9ECF-4D38-A201-1105BBF7E628}
		{11DAD9A0-1DDF-4A32-BC17-091220045D1E} = {C4AC49FF-9ECF-4D38-A201-1105BBF7E628}
		{74AFECF0-CC70-47C9-9393-2AB952B23BBD} = {C4AC49FF-9ECF-4D38-A201-1105BBF7E628}
		{FA2398A6-1AAD-430F-9F4D-0957E3E7BF42} = {CFDAF69C-0E6F-48A4-8434-995090175EAD}
		{EA135684-AEE8-4455-A276-A39D8ACD1C1B} = {11DAD9A0-1DDF-4A32-BC17-091220045D1E}
		{49DB26B4-2375-4217-9480-2DE25166B117} = {74AFECF0-CC70-47C9-9393-2AB952B23BBD}
		{170698FA-DA1E-40BC-896D-AFA67976C0EB} = {3E392F73-EB03-4148-BC60-A1F734486190}
		{46F25C80-8610-4C54-875F-8C1FE2055129} = {3E392F73-EB03-4148-BC60-A1F734486190}
		{6AE959E1-440C-4407-B080-64B1018A96A3} = {3E392F73-EB03-4148-BC60-A1F734486190}
		{7B03FDD2-45CC-4F83-B23F-66B4EE82437A} = {C59D2898-1994-4C40-B152-1798060051ED}
		{FD78AE77-C95F-4D5D-90EC-923935BAC580} = {C59D2898-1994-4C40-B152-1798060051ED}
		{4ACEF3FD-F5B4-4C07-B85A-AD4D6AB68F4D} = {C59D2898-1994-4C40-B152-1798060051ED}
	EndGlobalSection
EndGlobal
