
Microsoft Visual Studio Solution File, Format Version 12.00
# Visual Studio Version 17
VisualStudioVersion = 17.4.33110.190
MinimumVisualStudioVersion = 10.0.40219.1
Project("{2150E333-8FDC-42A3-9474-1A3956D46DE8}") = "build", "build", "{79D71264-186B-4F62-8930-35DD9ECCAF3B}"
	ProjectSection(SolutionItems) = preProject
		build.cmd = build.cmd
		build.fsx = build.fsx
		build.ps1 = build.ps1
		build.sh = build.sh
	EndProjectSection
EndProject
Project("{9A19103F-16F7-4668-BE54-9A1E7A4F7556}") = "Akka.Persistence.Sql.Tests", "src\Akka.Persistence.Sql.Tests\Akka.Persistence.Sql.Tests.csproj", "{6EA372D5-DB48-48E7-839A-2E9D18D6CE79}"
EndProject
Project("{9A19103F-16F7-4668-BE54-9A1E7A4F7556}") = "Akka.Persistence.Sql", "src\Akka.Persistence.Sql\Akka.Persistence.Sql.csproj", "{D10C2941-AD62-4E17-8C2C-4917D4C82B07}"
EndProject
Project("{9A19103F-16F7-4668-BE54-9A1E7A4F7556}") = "Akka.Persistence.Sql.Benchmark.Tests", "src\Akka.Persistence.Sql.Benchmark.Tests\Akka.Persistence.Sql.Benchmark.Tests.csproj", "{6AE959E1-440C-4407-B080-64B1018A96A3}"
EndProject
Project("{2150E333-8FDC-42A3-9474-1A3956D46DE8}") = "_", "_", "{20C26B2D-59EA-421C-9F64-BFFCE3D96260}"
	ProjectSection(SolutionItems) = preProject
		README.md = README.md
		RELEASE_NOTES.md = RELEASE_NOTES.md
		serve-docs.cmd = serve-docs.cmd
		serve-docs.ps1 = serve-docs.ps1
	EndProjectSection
EndProject
Project("{2150E333-8FDC-42A3-9474-1A3956D46DE8}") = "build-system", "build-system", "{7537908B-6A42-4E34-889F-6004A97D4987}"
	ProjectSection(SolutionItems) = preProject
		build-system\azure-pipeline.template.yaml = build-system\azure-pipeline.template.yaml
		build-system\pr-validation.yaml = build-system\pr-validation.yaml
		build-system\windows-release.yaml = build-system\windows-release.yaml
	EndProjectSection
EndProject
Project("{9A19103F-16F7-4668-BE54-9A1E7A4F7556}") = "Akka.Persistence.Sql.IndexHelperApp", "src\Akka.Persistence.Sql.IndexHelperApp\Akka.Persistence.Sql.IndexHelperApp.csproj", "{7B03FDD2-45CC-4F83-B23F-66B4EE82437A}"
EndProject
Project("{9A19103F-16F7-4668-BE54-9A1E7A4F7556}") = "Akka.Persistence.Sql.HelperLib", "src\Akka.Persistence.Sql.HelperLib\Akka.Persistence.Sql.HelperLib.csproj", "{FD78AE77-C95F-4D5D-90EC-923935BAC580}"
EndProject
Project("{9A19103F-16F7-4668-BE54-9A1E7A4F7556}") = "Akka.Persistence.Sql.Data.Compatibility.Tests", "src\Akka.Persistence.Sql.Data.Compatibility.Tests\Akka.Persistence.Sql.Data.Compatibility.Tests.csproj", "{5240D81C-0F6C-4F4A-85A1-6442C6D6ECBF}"
EndProject
Project("{2150E333-8FDC-42A3-9474-1A3956D46DE8}") = "Sql Scripts", "Sql Scripts", "{C4AC49FF-9ECF-4D38-A201-1105BBF7E628}"
EndProject
Project("{2150E333-8FDC-42A3-9474-1A3956D46DE8}") = "MySql", "MySql", "{CFDAF69C-0E6F-48A4-8434-995090175EAD}"
	ProjectSection(SolutionItems) = preProject
		scripts\MySql\1_Migration_Setup.sql = scripts\MySql\1_Migration_Setup.sql
		scripts\MySql\2_Migration.sql = scripts\MySql\2_Migration.sql
		scripts\MySql\3_Post_Migration_Cleanup.sql = scripts\MySql\3_Post_Migration_Cleanup.sql
		scripts\MySql\DROP_migration.sql = scripts\MySql\DROP_migration.sql
	EndProjectSection
EndProject
Project("{2150E333-8FDC-42A3-9474-1A3956D46DE8}") = "PostgreSql", "PostgreSql", "{11DAD9A0-1DDF-4A32-BC17-091220045D1E}"
	ProjectSection(SolutionItems) = preProject
		scripts\PostgreSql\1_Migration_Setup.sql = scripts\PostgreSql\1_Migration_Setup.sql
		scripts\PostgreSql\2_Migration.sql = scripts\PostgreSql\2_Migration.sql
		scripts\PostgreSql\3_Post_Migration_Cleanup.sql = scripts\PostgreSql\3_Post_Migration_Cleanup.sql
		scripts\PostgreSql\DROP_migration.sql = scripts\PostgreSql\DROP_migration.sql
	EndProjectSection
EndProject
Project("{2150E333-8FDC-42A3-9474-1A3956D46DE8}") = "SqlServer", "SqlServer", "{74AFECF0-CC70-47C9-9393-2AB952B23BBD}"
	ProjectSection(SolutionItems) = preProject
		scripts\SqlServer\1_Migration_Setup.sql = scripts\SqlServer\1_Migration_Setup.sql
		scripts\SqlServer\2_Migration.sql = scripts\SqlServer\2_Migration.sql
		scripts\SqlServer\3_Post_Migration_Cleanup.sql = scripts\SqlServer\3_Post_Migration_Cleanup.sql
		scripts\SqlServer\DROP_Migration.sql = scripts\SqlServer\DROP_Migration.sql
	EndProjectSection
EndProject
Project("{2150E333-8FDC-42A3-9474-1A3956D46DE8}") = "Benchmarks", "Benchmarks", "{3E392F73-EB03-4148-BC60-A1F734486190}"
EndProject
Project("{2150E333-8FDC-42A3-9474-1A3956D46DE8}") = "Utils", "Utils", "{C59D2898-1994-4C40-B152-1798060051ED}"
EndProject
Project("{9A19103F-16F7-4668-BE54-9A1E7A4F7556}") = "Akka.Persistence.Sql.TagTableMigration", "src\Akka.Persistence.Sql.TagTableMigration\Akka.Persistence.Sql.TagTableMigration.csproj", "{4ACEF3FD-F5B4-4C07-B85A-AD4D6AB68F4D}"
EndProject
Project("{9A19103F-16F7-4668-BE54-9A1E7A4F7556}") = "Akka.Persistence.Sql.Tests.Common", "src\Akka.Persistence.Sql.Tests.Common\Akka.Persistence.Sql.Tests.Common.csproj", "{BDF8A537-A9D3-45A4-81EA-4B77DBD544D6}"
EndProject
Project("{FAE04EC0-301F-11D3-BF4B-00C04F79EFBC}") = "Akka.Persistence.Sql.Hosting", "src\Akka.Persistence.Sql.Hosting\Akka.Persistence.Sql.Hosting.csproj", "{91E36B4F-5306-42AE-8B98-5459DB1CC3E3}"
EndProject
Project("{FAE04EC0-301F-11D3-BF4B-00C04F79EFBC}") = "Akka.Persistence.Sql.Hosting.Tests", "src\Akka.Persistence.Sql.Hosting.Tests\Akka.Persistence.Sql.Hosting.Tests.csproj", "{F68A1A98-17C4-4D13-9422-D93D49886008}"
EndProject
Project("{FAE04EC0-301F-11D3-BF4B-00C04F79EFBC}") = "Akka.Persistence.Sql.Benchmarks", "src\Akka.Persistence.Sql.Benchmarks\Akka.Persistence.Sql.Benchmarks.csproj", "{1BE5B28E-0AB1-44BC-A5E8-5D352B42ACCF}"
EndProject
Global
	GlobalSection(SolutionConfigurationPlatforms) = preSolution
		Debug|Any CPU = Debug|Any CPU
		Release|Any CPU = Release|Any CPU
	EndGlobalSection
	GlobalSection(ProjectConfigurationPlatforms) = postSolution
		{6EA372D5-DB48-48E7-839A-2E9D18D6CE79}.Debug|Any CPU.ActiveCfg = Debug|Any CPU
		{6EA372D5-DB48-48E7-839A-2E9D18D6CE79}.Debug|Any CPU.Build.0 = Debug|Any CPU
		{6EA372D5-DB48-48E7-839A-2E9D18D6CE79}.Release|Any CPU.ActiveCfg = Release|Any CPU
		{6EA372D5-DB48-48E7-839A-2E9D18D6CE79}.Release|Any CPU.Build.0 = Release|Any CPU
		{D10C2941-AD62-4E17-8C2C-4917D4C82B07}.Debug|Any CPU.ActiveCfg = Debug|Any CPU
		{D10C2941-AD62-4E17-8C2C-4917D4C82B07}.Debug|Any CPU.Build.0 = Debug|Any CPU
		{D10C2941-AD62-4E17-8C2C-4917D4C82B07}.Release|Any CPU.ActiveCfg = Release|Any CPU
		{D10C2941-AD62-4E17-8C2C-4917D4C82B07}.Release|Any CPU.Build.0 = Release|Any CPU
		{6AE959E1-440C-4407-B080-64B1018A96A3}.Debug|Any CPU.ActiveCfg = Debug|Any CPU
		{6AE959E1-440C-4407-B080-64B1018A96A3}.Debug|Any CPU.Build.0 = Debug|Any CPU
		{6AE959E1-440C-4407-B080-64B1018A96A3}.Release|Any CPU.ActiveCfg = Release|Any CPU
		{6AE959E1-440C-4407-B080-64B1018A96A3}.Release|Any CPU.Build.0 = Release|Any CPU
		{7B03FDD2-45CC-4F83-B23F-66B4EE82437A}.Debug|Any CPU.ActiveCfg = Debug|Any CPU
		{7B03FDD2-45CC-4F83-B23F-66B4EE82437A}.Debug|Any CPU.Build.0 = Debug|Any CPU
		{7B03FDD2-45CC-4F83-B23F-66B4EE82437A}.Release|Any CPU.ActiveCfg = Release|Any CPU
		{7B03FDD2-45CC-4F83-B23F-66B4EE82437A}.Release|Any CPU.Build.0 = Release|Any CPU
		{FD78AE77-C95F-4D5D-90EC-923935BAC580}.Debug|Any CPU.ActiveCfg = Debug|Any CPU
		{FD78AE77-C95F-4D5D-90EC-923935BAC580}.Debug|Any CPU.Build.0 = Debug|Any CPU
		{FD78AE77-C95F-4D5D-90EC-923935BAC580}.Release|Any CPU.ActiveCfg = Release|Any CPU
		{FD78AE77-C95F-4D5D-90EC-923935BAC580}.Release|Any CPU.Build.0 = Release|Any CPU
		{5240D81C-0F6C-4F4A-85A1-6442C6D6ECBF}.Debug|Any CPU.ActiveCfg = Debug|Any CPU
		{5240D81C-0F6C-4F4A-85A1-6442C6D6ECBF}.Debug|Any CPU.Build.0 = Debug|Any CPU
		{5240D81C-0F6C-4F4A-85A1-6442C6D6ECBF}.Release|Any CPU.ActiveCfg = Release|Any CPU
		{5240D81C-0F6C-4F4A-85A1-6442C6D6ECBF}.Release|Any CPU.Build.0 = Release|Any CPU
		{4ACEF3FD-F5B4-4C07-B85A-AD4D6AB68F4D}.Debug|Any CPU.ActiveCfg = Debug|Any CPU
		{4ACEF3FD-F5B4-4C07-B85A-AD4D6AB68F4D}.Debug|Any CPU.Build.0 = Debug|Any CPU
		{4ACEF3FD-F5B4-4C07-B85A-AD4D6AB68F4D}.Release|Any CPU.ActiveCfg = Release|Any CPU
		{4ACEF3FD-F5B4-4C07-B85A-AD4D6AB68F4D}.Release|Any CPU.Build.0 = Release|Any CPU
		{BDF8A537-A9D3-45A4-81EA-4B77DBD544D6}.Debug|Any CPU.ActiveCfg = Debug|Any CPU
		{BDF8A537-A9D3-45A4-81EA-4B77DBD544D6}.Debug|Any CPU.Build.0 = Debug|Any CPU
		{BDF8A537-A9D3-45A4-81EA-4B77DBD544D6}.Release|Any CPU.ActiveCfg = Release|Any CPU
		{BDF8A537-A9D3-45A4-81EA-4B77DBD544D6}.Release|Any CPU.Build.0 = Release|Any CPU
		{91E36B4F-5306-42AE-8B98-5459DB1CC3E3}.Debug|Any CPU.ActiveCfg = Debug|Any CPU
		{91E36B4F-5306-42AE-8B98-5459DB1CC3E3}.Debug|Any CPU.Build.0 = Debug|Any CPU
		{91E36B4F-5306-42AE-8B98-5459DB1CC3E3}.Release|Any CPU.ActiveCfg = Release|Any CPU
		{91E36B4F-5306-42AE-8B98-5459DB1CC3E3}.Release|Any CPU.Build.0 = Release|Any CPU
		{F68A1A98-17C4-4D13-9422-D93D49886008}.Debug|Any CPU.ActiveCfg = Debug|Any CPU
		{F68A1A98-17C4-4D13-9422-D93D49886008}.Debug|Any CPU.Build.0 = Debug|Any CPU
		{F68A1A98-17C4-4D13-9422-D93D49886008}.Release|Any CPU.ActiveCfg = Release|Any CPU
		{F68A1A98-17C4-4D13-9422-D93D49886008}.Release|Any CPU.Build.0 = Release|Any CPU
		{1BE5B28E-0AB1-44BC-A5E8-5D352B42ACCF}.Debug|Any CPU.ActiveCfg = Debug|Any CPU
		{1BE5B28E-0AB1-44BC-A5E8-5D352B42ACCF}.Debug|Any CPU.Build.0 = Debug|Any CPU
		{1BE5B28E-0AB1-44BC-A5E8-5D352B42ACCF}.Release|Any CPU.ActiveCfg = Release|Any CPU
		{1BE5B28E-0AB1-44BC-A5E8-5D352B42ACCF}.Release|Any CPU.Build.0 = Release|Any CPU
	EndGlobalSection
	GlobalSection(SolutionProperties) = preSolution
		HideSolutionNode = FALSE
	EndGlobalSection
	GlobalSection(NestedProjects) = preSolution
		{6AE959E1-440C-4407-B080-64B1018A96A3} = {3E392F73-EB03-4148-BC60-A1F734486190}
		{7537908B-6A42-4E34-889F-6004A97D4987} = {79D71264-186B-4F62-8930-35DD9ECCAF3B}
		{7B03FDD2-45CC-4F83-B23F-66B4EE82437A} = {C59D2898-1994-4C40-B152-1798060051ED}
		{FD78AE77-C95F-4D5D-90EC-923935BAC580} = {C59D2898-1994-4C40-B152-1798060051ED}
		{CFDAF69C-0E6F-48A4-8434-995090175EAD} = {C4AC49FF-9ECF-4D38-A201-1105BBF7E628}
		{11DAD9A0-1DDF-4A32-BC17-091220045D1E} = {C4AC49FF-9ECF-4D38-A201-1105BBF7E628}
		{74AFECF0-CC70-47C9-9393-2AB952B23BBD} = {C4AC49FF-9ECF-4D38-A201-1105BBF7E628}
		{4ACEF3FD-F5B4-4C07-B85A-AD4D6AB68F4D} = {C59D2898-1994-4C40-B152-1798060051ED}
		{1BE5B28E-0AB1-44BC-A5E8-5D352B42ACCF} = {3E392F73-EB03-4148-BC60-A1F734486190}
	EndGlobalSection
	GlobalSection(ExtensibilityGlobals) = postSolution
		SolutionGuid = {B99E6BB8-642A-4A68-86DF-69567CBA700A}
	EndGlobalSection
EndGlobal
