
Microsoft Visual Studio Solution File, Format Version 12.00
# Visual Studio Version 16
VisualStudioVersion = 16.0.29230.47
MinimumVisualStudioVersion = 10.0.40219.1
Project("{2150E333-8FDC-42A3-9474-1A3956D46DE8}") = "build", "build", "{79D71264-186B-4F62-8930-35DD9ECCAF3B}"
	ProjectSection(SolutionItems) = preProject
		build.cmd = build.cmd
		build.fsx = build.fsx
		build.ps1 = build.ps1
		build.sh = build.sh
	EndProjectSection
EndProject
Project("{FAE04EC0-301F-11D3-BF4B-00C04F79EFBC}") = "Akka.Persistence.Sql.Linq2Db.Tests", "src\Akka.Persistence.Sql.Linq2Db.Tests\Akka.Persistence.Sql.Linq2Db.Tests.csproj", "{6EA372D5-DB48-48E7-839A-2E9D18D6CE79}"
EndProject
Project("{FAE04EC0-301F-11D3-BF4B-00C04F79EFBC}") = "Akka.Persistence.Sql.Linq2Db", "src\Akka.Persistence.Sql.Linq2Db\Akka.Persistence.Sql.Linq2Db.csproj", "{D10C2941-AD62-4E17-8C2C-4917D4C82B07}"
EndProject
Project("{FAE04EC0-301F-11D3-BF4B-00C04F79EFBC}") = "Akka.Persistence.Sql.Linq2Db.DockerTests", "src\Akka.Persistence.Sql.Linq2Db.DockerTests\Akka.Persistence.Sql.Linq2Db.DockerTests.csproj", "{4D749F93-F57E-405F-94F7-EECF87299CC8}"
EndProject
Project("{FAE04EC0-301F-11D3-BF4B-00C04F79EFBC}") = "Akka.Persistence.Linq2Db.Journal.Query.Tests", "src\Akka.Persistence.Linq2Db.Journal.Query.Tests\Akka.Persistence.Linq2Db.Journal.Query.Tests.csproj", "{FA174DBA-14FB-418F-85C5-A1B89198796F}"
EndProject
Project("{FAE04EC0-301F-11D3-BF4B-00C04F79EFBC}") = "Akka.Persistence.Linq2Db.Benchmark.Tests", "src\Akka.Persistence.Linq2Db.Benchmark.Tests\Akka.Persistence.Linq2Db.Benchmark.Tests.csproj", "{6AE959E1-440C-4407-B080-64B1018A96A3}"
EndProject
Project("{FAE04EC0-301F-11D3-BF4B-00C04F79EFBC}") = "Akka.Persistence.Linq2Db.Benchmark.DockerTests", "src\Akka.Persistence.Linq2Db.Benchmark.DockerTests\Akka.Persistence.Linq2Db.Benchmark.DockerTests.csproj", "{46F25C80-8610-4C54-875F-8C1FE2055129}"
EndProject
Project("{FAE04EC0-301F-11D3-BF4B-00C04F79EFBC}") = "Akka.Persistence.Linq2Db.Compatibility.Tests", "src\Akka.Persistence.Linq2Db.Compatibility.Tests\Akka.Persistence.Linq2Db.Compatibility.Tests.csproj", "{29571BB6-CE0F-4614-8465-A876CFF0242F}"
EndProject
Project("{FAE04EC0-301F-11D3-BF4B-00C04F79EFBC}") = "Akka.Persistence.Linq2Db.Compatibility.DockerTests", "src\Akka.Persistence.Linq2Db.Compatibility.DockerTests\Akka.Persistence.Linq2Db.Compatibility.DockerTests.csproj", "{095E392C-C439-4EBC-ABCB-6AA87FCBD9E9}"
EndProject
Project("{2150E333-8FDC-42A3-9474-1A3956D46DE8}") = "_", "_", "{20C26B2D-59EA-421C-9F64-BFFCE3D96260}"
ProjectSection(SolutionItems) = preProject
	src\common.props = src\common.props
	README.md = README.md
	RELEASE_NOTES.md = RELEASE_NOTES.md
EndProjectSection
EndProject
Project("{FAE04EC0-301F-11D3-BF4B-00C04F79EFBC}") = "Akka.Persistence.Linq2Db.Benchmark.DockerComparisonTests", "Akka.Persistence.Linq2Db.Benchmark.DockerComparisonTests\Akka.Persistence.Linq2Db.Benchmark.DockerComparisonTests.csproj", "{170698FA-DA1E-40BC-896D-AFA67976C0EB}"
EndProject
Project("{FAE04EC0-301F-11D3-BF4B-00C04F79EFBC}") = "Akka.Persistence.Linq2Db.IndexHelperLib", "Akka.Persistence.Linq2Db.IndexHelperLib\Akka.Persistence.Linq2Db.IndexHelperLib.csproj", "{AACE3FBC-51FE-4A9B-B6C4-4CCA750DB22E}"
EndProject
Project("{FAE04EC0-301F-11D3-BF4B-00C04F79EFBC}") = "Akka.Persistence.Linq2Db.IndexHelperApp", "Akka.Persistence.Linq2Db.IndexHelperApp\Akka.Persistence.Linq2Db.IndexHelperApp.csproj", "{D5C851AA-DB80-4E9F-BD2E-03E63DC3082E}"
EndProject
Project("{FAE04EC0-301F-11D3-BF4B-00C04F79EFBC}") = "Akka.Linq2Db.Sandbox", "Akka.Linq2Db.Sandbox\Akka.Linq2Db.Sandbox.csproj", "{697B9FC8-29E2-4F7D-B63B-9E4B873F6AA1}"
EndProject
Global
	GlobalSection(SolutionConfigurationPlatforms) = preSolution
		Debug|Any CPU = Debug|Any CPU
		Release|Any CPU = Release|Any CPU
	EndGlobalSection
	GlobalSection(ProjectConfigurationPlatforms) = postSolution
		{6EA372D5-DB48-48E7-839A-2E9D18D6CE79}.Debug|Any CPU.ActiveCfg = Debug|Any CPU
		{6EA372D5-DB48-48E7-839A-2E9D18D6CE79}.Debug|Any CPU.Build.0 = Debug|Any CPU
		{6EA372D5-DB48-48E7-839A-2E9D18D6CE79}.Release|Any CPU.ActiveCfg = Release|Any CPU
		{6EA372D5-DB48-48E7-839A-2E9D18D6CE79}.Release|Any CPU.Build.0 = Release|Any CPU
		{D10C2941-AD62-4E17-8C2C-4917D4C82B07}.Debug|Any CPU.ActiveCfg = Debug|Any CPU
		{D10C2941-AD62-4E17-8C2C-4917D4C82B07}.Debug|Any CPU.Build.0 = Debug|Any CPU
		{D10C2941-AD62-4E17-8C2C-4917D4C82B07}.Release|Any CPU.ActiveCfg = Release|Any CPU
		{D10C2941-AD62-4E17-8C2C-4917D4C82B07}.Release|Any CPU.Build.0 = Release|Any CPU
		{4D749F93-F57E-405F-94F7-EECF87299CC8}.Debug|Any CPU.ActiveCfg = Debug|Any CPU
		{4D749F93-F57E-405F-94F7-EECF87299CC8}.Debug|Any CPU.Build.0 = Debug|Any CPU
		{4D749F93-F57E-405F-94F7-EECF87299CC8}.Release|Any CPU.ActiveCfg = Release|Any CPU
		{4D749F93-F57E-405F-94F7-EECF87299CC8}.Release|Any CPU.Build.0 = Release|Any CPU
		{FA174DBA-14FB-418F-85C5-A1B89198796F}.Debug|Any CPU.ActiveCfg = Debug|Any CPU
		{FA174DBA-14FB-418F-85C5-A1B89198796F}.Debug|Any CPU.Build.0 = Debug|Any CPU
		{FA174DBA-14FB-418F-85C5-A1B89198796F}.Release|Any CPU.ActiveCfg = Release|Any CPU
		{FA174DBA-14FB-418F-85C5-A1B89198796F}.Release|Any CPU.Build.0 = Release|Any CPU
		{6AE959E1-440C-4407-B080-64B1018A96A3}.Debug|Any CPU.ActiveCfg = Debug|Any CPU
		{6AE959E1-440C-4407-B080-64B1018A96A3}.Debug|Any CPU.Build.0 = Debug|Any CPU
		{6AE959E1-440C-4407-B080-64B1018A96A3}.Release|Any CPU.ActiveCfg = Release|Any CPU
		{6AE959E1-440C-4407-B080-64B1018A96A3}.Release|Any CPU.Build.0 = Release|Any CPU
		{46F25C80-8610-4C54-875F-8C1FE2055129}.Debug|Any CPU.ActiveCfg = Debug|Any CPU
		{46F25C80-8610-4C54-875F-8C1FE2055129}.Debug|Any CPU.Build.0 = Debug|Any CPU
		{46F25C80-8610-4C54-875F-8C1FE2055129}.Release|Any CPU.ActiveCfg = Release|Any CPU
		{46F25C80-8610-4C54-875F-8C1FE2055129}.Release|Any CPU.Build.0 = Release|Any CPU
		{29571BB6-CE0F-4614-8465-A876CFF0242F}.Debug|Any CPU.ActiveCfg = Debug|Any CPU
		{29571BB6-CE0F-4614-8465-A876CFF0242F}.Debug|Any CPU.Build.0 = Debug|Any CPU
		{29571BB6-CE0F-4614-8465-A876CFF0242F}.Release|Any CPU.ActiveCfg = Release|Any CPU
		{29571BB6-CE0F-4614-8465-A876CFF0242F}.Release|Any CPU.Build.0 = Release|Any CPU
		{095E392C-C439-4EBC-ABCB-6AA87FCBD9E9}.Debug|Any CPU.ActiveCfg = Debug|Any CPU
		{095E392C-C439-4EBC-ABCB-6AA87FCBD9E9}.Debug|Any CPU.Build.0 = Debug|Any CPU
		{095E392C-C439-4EBC-ABCB-6AA87FCBD9E9}.Release|Any CPU.ActiveCfg = Release|Any CPU
		{095E392C-C439-4EBC-ABCB-6AA87FCBD9E9}.Release|Any CPU.Build.0 = Release|Any CPU
		{170698FA-DA1E-40BC-896D-AFA67976C0EB}.Debug|Any CPU.ActiveCfg = Debug|Any CPU
		{170698FA-DA1E-40BC-896D-AFA67976C0EB}.Debug|Any CPU.Build.0 = Debug|Any CPU
		{170698FA-DA1E-40BC-896D-AFA67976C0EB}.Release|Any CPU.ActiveCfg = Release|Any CPU
		{170698FA-DA1E-40BC-896D-AFA67976C0EB}.Release|Any CPU.Build.0 = Release|Any CPU
		{AACE3FBC-51FE-4A9B-B6C4-4CCA750DB22E}.Debug|Any CPU.ActiveCfg = Debug|Any CPU
		{AACE3FBC-51FE-4A9B-B6C4-4CCA750DB22E}.Debug|Any CPU.Build.0 = Debug|Any CPU
		{AACE3FBC-51FE-4A9B-B6C4-4CCA750DB22E}.Release|Any CPU.ActiveCfg = Release|Any CPU
		{AACE3FBC-51FE-4A9B-B6C4-4CCA750DB22E}.Release|Any CPU.Build.0 = Release|Any CPU
		{D5C851AA-DB80-4E9F-BD2E-03E63DC3082E}.Debug|Any CPU.ActiveCfg = Debug|Any CPU
		{D5C851AA-DB80-4E9F-BD2E-03E63DC3082E}.Debug|Any CPU.Build.0 = Debug|Any CPU
		{D5C851AA-DB80-4E9F-BD2E-03E63DC3082E}.Release|Any CPU.ActiveCfg = Release|Any CPU
		{D5C851AA-DB80-4E9F-BD2E-03E63DC3082E}.Release|Any CPU.Build.0 = Release|Any CPU
		{697B9FC8-29E2-4F7D-B63B-9E4B873F6AA1}.Debug|Any CPU.ActiveCfg = Debug|Any CPU
		{697B9FC8-29E2-4F7D-B63B-9E4B873F6AA1}.Debug|Any CPU.Build.0 = Debug|Any CPU
		{697B9FC8-29E2-4F7D-B63B-9E4B873F6AA1}.Release|Any CPU.ActiveCfg = Release|Any CPU
		{697B9FC8-29E2-4F7D-B63B-9E4B873F6AA1}.Release|Any CPU.Build.0 = Release|Any CPU
	EndGlobalSection
	GlobalSection(SolutionProperties) = preSolution
		HideSolutionNode = FALSE
	EndGlobalSection
	GlobalSection(ExtensibilityGlobals) = postSolution
		SolutionGuid = {B99E6BB8-642A-4A68-86DF-69567CBA700A}
	EndGlobalSection
EndGlobal
